
Microsoft Visual Studio Solution File, Format Version 12.00
# Visual Studio Version 17
VisualStudioVersion = 17.11.35431.28
MinimumVisualStudioVersion = 10.0.40219.1
Project("{FAE04EC0-301F-11D3-BF4B-00C04F79EFBC}") = "BlazorDSL", "BlazorDSL\BlazorDSL.csproj", "{FA2FACCB-43D9-4AFC-B845-8780235A8967}"
EndProject
Project("{FAE04EC0-301F-11D3-BF4B-00C04F79EFBC}") = "Lib", "Lib\Lib.csproj", "{455177B0-A466-4B62-A339-E0BCFD7C9C94}"
EndProject
Project("{FAE04EC0-301F-11D3-BF4B-00C04F79EFBC}") = "DSLMethodsGenerator", "DSLMethodsGenerator\DSLMethodsGenerator.csproj", "{9727EFE7-DF09-4A2F-841D-76BD7AB5988E}"
EndProject
Project("{FAE04EC0-301F-11D3-BF4B-00C04F79EFBC}") = "Lib.MVU", "Lib.MVU\Lib.MVU.csproj", "{77A4223B-23D8-49D7-BD51-FE66AF6CAE0F}"
EndProject
Global
	GlobalSection(SolutionConfigurationPlatforms) = preSolution
		Debug|Any CPU = Debug|Any CPU
		Release|Any CPU = Release|Any CPU
	EndGlobalSection
	GlobalSection(ProjectConfigurationPlatforms) = postSolution
		{FA2FACCB-43D9-4AFC-B845-8780235A8967}.Debug|Any CPU.ActiveCfg = Debug|Any CPU
		{FA2FACCB-43D9-4AFC-B845-8780235A8967}.Debug|Any CPU.Build.0 = Debug|Any CPU
		{FA2FACCB-43D9-4AFC-B845-8780235A8967}.Release|Any CPU.ActiveCfg = Release|Any CPU
		{FA2FACCB-43D9-4AFC-B845-8780235A8967}.Release|Any CPU.Build.0 = Release|Any CPU
		{455177B0-A466-4B62-A339-E0BCFD7C9C94}.Debug|Any CPU.ActiveCfg = Debug|Any CPU
		{455177B0-A466-4B62-A339-E0BCFD7C9C94}.Debug|Any CPU.Build.0 = Debug|Any CPU
		{455177B0-A466-4B62-A339-E0BCFD7C9C94}.Release|Any CPU.ActiveCfg = Release|Any CPU
		{455177B0-A466-4B62-A339-E0BCFD7C9C94}.Release|Any CPU.Build.0 = Release|Any CPU
		{9727EFE7-DF09-4A2F-841D-76BD7AB5988E}.Debug|Any CPU.ActiveCfg = Debug|Any CPU
		{9727EFE7-DF09-4A2F-841D-76BD7AB5988E}.Debug|Any CPU.Build.0 = Debug|Any CPU
		{9727EFE7-DF09-4A2F-841D-76BD7AB5988E}.Release|Any CPU.ActiveCfg = Release|Any CPU
		{9727EFE7-DF09-4A2F-841D-76BD7AB5988E}.Release|Any CPU.Build.0 = Release|Any CPU
		{77A4223B-23D8-49D7-BD51-FE66AF6CAE0F}.Debug|Any CPU.ActiveCfg = Debug|Any CPU
		{77A4223B-23D8-49D7-BD51-FE66AF6CAE0F}.Debug|Any CPU.Build.0 = Debug|Any CPU
		{77A4223B-23D8-49D7-BD51-FE66AF6CAE0F}.Release|Any CPU.ActiveCfg = Release|Any CPU
		{77A4223B-23D8-49D7-BD51-FE66AF6CAE0F}.Release|Any CPU.Build.0 = Release|Any CPU
	EndGlobalSection
	GlobalSection(SolutionProperties) = preSolution
		HideSolutionNode = FALSE
	EndGlobalSection
	GlobalSection(ExtensibilityGlobals) = postSolution
		SolutionGuid = {90582C17-86A1-446E-A2FB-B2FDEC86676B}
	EndGlobalSection
EndGlobal
